
Microsoft Visual Studio Solution File, Format Version 12.00
# Visual Studio Version 16
VisualStudioVersion = 16.0.34031.81
MinimumVisualStudioVersion = 10.0.40219.1
Project("{FAE04EC0-301F-11D3-BF4B-00C04F79EFBC}") = "NombreCache", "NombreCache\NombreCache.csproj", "{018F61AB-C2DC-4187-A04D-265CF9018246}"
EndProject
Global
	GlobalSection(SolutionConfigurationPlatforms) = preSolution
		Debug|Any CPU = Debug|Any CPU
		Release|Any CPU = Release|Any CPU
	EndGlobalSection
	GlobalSection(ProjectConfigurationPlatforms) = postSolution
		{018F61AB-C2DC-4187-A04D-265CF9018246}.Debug|Any CPU.ActiveCfg = Debug|Any CPU
		{018F61AB-C2DC-4187-A04D-265CF9018246}.Debug|Any CPU.Build.0 = Debug|Any CPU
		{018F61AB-C2DC-4187-A04D-265CF9018246}.Release|Any CPU.ActiveCfg = Release|Any CPU
		{018F61AB-C2DC-4187-A04D-265CF9018246}.Release|Any CPU.Build.0 = Release|Any CPU
	EndGlobalSection
	GlobalSection(SolutionProperties) = preSolution
		HideSolutionNode = FALSE
	EndGlobalSection
	GlobalSection(ExtensibilityGlobals) = postSolution
		SolutionGuid = {AD45A15C-284C-4F12-B78D-044CD2AB0E85}
	EndGlobalSection
EndGlobal
